
Microsoft Visual Studio Solution File, Format Version 12.00
# Visual Studio Version 17
VisualStudioVersion = 17.10.34607.79
MinimumVisualStudioVersion = 10.0.40219.1
Project("{FAE04EC0-301F-11D3-BF4B-00C04F79EFBC}") = "Bancomat_ex", "Bancomat_ex\Bancomat_ex.csproj", "{ABCB25C9-5D11-4B9A-9CBD-F5B3162534F5}"
EndProject
Global
	GlobalSection(SolutionConfigurationPlatforms) = preSolution
		Debug|Any CPU = Debug|Any CPU
		Release|Any CPU = Release|Any CPU
	EndGlobalSection
	GlobalSection(ProjectConfigurationPlatforms) = postSolution
		{ABCB25C9-5D11-4B9A-9CBD-F5B3162534F5}.Debug|Any CPU.ActiveCfg = Debug|Any CPU
		{ABCB25C9-5D11-4B9A-9CBD-F5B3162534F5}.Debug|Any CPU.Build.0 = Debug|Any CPU
		{ABCB25C9-5D11-4B9A-9CBD-F5B3162534F5}.Release|Any CPU.ActiveCfg = Release|Any CPU
		{ABCB25C9-5D11-4B9A-9CBD-F5B3162534F5}.Release|Any CPU.Build.0 = Release|Any CPU
	EndGlobalSection
	GlobalSection(SolutionProperties) = preSolution
		HideSolutionNode = FALSE
	EndGlobalSection
	GlobalSection(ExtensibilityGlobals) = postSolution
		SolutionGuid = {ED92F263-BD8A-459E-813D-D416293454A5}
	EndGlobalSection
EndGlobal
